
Microsoft Visual Studio Solution File, Format Version 12.00
# Visual Studio Version 17
VisualStudioVersion = 17.12.35521.163
MinimumVisualStudioVersion = 10.0.40219.1
Project("{FAE04EC0-301F-11D3-BF4B-00C04F79EFBC}") = "ITapply.WebAPI", "ITapply.WebAPI\ITapply.WebAPI.csproj", "{5D88D996-1E77-42DA-87F7-85C74D0A7D57}"
EndProject
Project("{FAE04EC0-301F-11D3-BF4B-00C04F79EFBC}") = "ITapply.Services", "ITapply.Services\ITapply.Services.csproj", "{4914AAD9-4772-46CB-802F-EB8C1948132A}"
EndProject
Project("{FAE04EC0-301F-11D3-BF4B-00C04F79EFBC}") = "ITapply.Models", "ITapply.Models\ITapply.Models.csproj", "{41276F44-8261-4909-BFC5-79375C53D381}"
EndProject
Project("{FAE04EC0-301F-11D3-BF4B-00C04F79EFBC}") = "ITapply.Notifier", "ITapply.Notifier\ITapply.Notifier.csproj", "{22504896-06D4-46D8-B7D9-034582590BB4}"
EndProject
Global
	GlobalSection(SolutionConfigurationPlatforms) = preSolution
		Debug|Any CPU = Debug|Any CPU
		Release|Any CPU = Release|Any CPU
	EndGlobalSection
	GlobalSection(ProjectConfigurationPlatforms) = postSolution
		{5D88D996-1E77-42DA-87F7-85C74D0A7D57}.Debug|Any CPU.ActiveCfg = Debug|Any CPU
		{5D88D996-1E77-42DA-87F7-85C74D0A7D57}.Debug|Any CPU.Build.0 = Debug|Any CPU
		{5D88D996-1E77-42DA-87F7-85C74D0A7D57}.Release|Any CPU.ActiveCfg = Release|Any CPU
		{5D88D996-1E77-42DA-87F7-85C74D0A7D57}.Release|Any CPU.Build.0 = Release|Any CPU
		{4914AAD9-4772-46CB-802F-EB8C1948132A}.Debug|Any CPU.ActiveCfg = Debug|Any CPU
		{4914AAD9-4772-46CB-802F-EB8C1948132A}.Debug|Any CPU.Build.0 = Debug|Any CPU
		{4914AAD9-4772-46CB-802F-EB8C1948132A}.Release|Any CPU.ActiveCfg = Release|Any CPU
		{4914AAD9-4772-46CB-802F-EB8C1948132A}.Release|Any CPU.Build.0 = Release|Any CPU
		{41276F44-8261-4909-BFC5-79375C53D381}.Debug|Any CPU.ActiveCfg = Debug|Any CPU
		{41276F44-8261-4909-BFC5-79375C53D381}.Debug|Any CPU.Build.0 = Debug|Any CPU
		{41276F44-8261-4909-BFC5-79375C53D381}.Release|Any CPU.ActiveCfg = Release|Any CPU
		{41276F44-8261-4909-BFC5-79375C53D381}.Release|Any CPU.Build.0 = Release|Any CPU
		{22504896-06D4-46D8-B7D9-034582590BB4}.Debug|Any CPU.ActiveCfg = Debug|Any CPU
		{22504896-06D4-46D8-B7D9-034582590BB4}.Debug|Any CPU.Build.0 = Debug|Any CPU
		{22504896-06D4-46D8-B7D9-034582590BB4}.Release|Any CPU.ActiveCfg = Release|Any CPU
		{22504896-06D4-46D8-B7D9-034582590BB4}.Release|Any CPU.Build.0 = Release|Any CPU
	EndGlobalSection
	GlobalSection(SolutionProperties) = preSolution
		HideSolutionNode = FALSE
	EndGlobalSection
EndGlobal
